{
  "nodes": {
    "astra-msgs": {
      "inputs": {
        "nix-ros-overlay": "nix-ros-overlay",
        "nixpkgs": [
          "astra-msgs",
          "nix-ros-overlay",
          "nixpkgs"
        ]
      },
      "locked": {
        "lastModified": 1774515542,
        "narHash": "sha256-HhA3rx5IIlS6dKg5Eqquvg7XdIXRZlQ6/L6EUu1fx9I=",
        "owner": "SHC-ASTRA",
        "repo": "astra_msgs",
        "rev": "92e0442b59ee624f6979ffec5c88c2f9023b54c3",
        "type": "github"
      },
      "original": {
        "owner": "SHC-ASTRA",
        "repo": "astra_msgs",
        "rev": "92e0442b59ee624f6979ffec5c88c2f9023b54c3",
        "type": "github"
      }
    },
    "flake-utils": {
      "inputs": {
        "systems": "systems"
      },
      "locked": {
        "lastModified": 1731533236,
        "narHash": "sha256-l0KFg5HjrsfsO/JpG+r7fRrqm12kzFHyUHqHCVpMMbI=",
        "owner": "numtide",
        "repo": "flake-utils",
        "rev": "11707dc2f618dd54ca8739b309ec4fc024de578b",
        "type": "github"
      },
      "original": {
        "owner": "numtide",
        "repo": "flake-utils",
        "type": "github"
      }
    },
    "flake-utils_2": {
      "inputs": {
        "systems": "systems_2"
      },
      "locked": {
        "lastModified": 1731533236,
        "narHash": "sha256-l0KFg5HjrsfsO/JpG+r7fRrqm12kzFHyUHqHCVpMMbI=",
        "owner": "numtide",
        "repo": "flake-utils",
        "rev": "11707dc2f618dd54ca8739b309ec4fc024de578b",
        "type": "github"
      },
      "original": {
        "owner": "numtide",
        "repo": "flake-utils",
        "type": "github"
      }
    },
    "modernpkgs": {
      "locked": {
        "lastModified": 1775305101,
        "narHash": "sha256-/74n1oQPtKG52Yw41cbToxspxHbYz6O3vi+XEw16Qe8=",
        "owner": "NixOS",
        "repo": "nixpkgs",
        "rev": "36a601196c4ebf49e035270e10b2d103fe39076b",
        "type": "github"
      },
      "original": {
        "owner": "NixOS",
        "ref": "nixos-25.11",
        "repo": "nixpkgs",
        "type": "github"
      }
    },
    "nix-ros-overlay": {
      "inputs": {
        "flake-utils": "flake-utils",
        "nixpkgs": "nixpkgs"
      },
      "locked": {
        "lastModified": 1770622967,
        "narHash": "sha256-1LYjTugPSCa/5NkP6/dcZLH5TQYj3R8mAZ/9dgd7jDM=",
        "owner": "lopsided98",
        "repo": "nix-ros-overlay",
        "rev": "d1b9f17eba909116356436d46b5192d299c6b49a",
        "type": "github"
      },
      "original": {
        "owner": "lopsided98",
        "ref": "develop",
        "repo": "nix-ros-overlay",
        "type": "github"
      }
    },
    "nix-ros-overlay_2": {
      "inputs": {
        "flake-utils": "flake-utils_2",
        "nixpkgs": "nixpkgs_2"
      },
      "locked": {
        "lastModified": 1775242455,
        "narHash": "sha256-6k6GChuNuVU70rq5Stp7PHsH1haAX7q4uRv6hBwGMoc=",
        "owner": "lopsided98",
        "repo": "nix-ros-overlay",
        "rev": "909dbfd8cbe571a6cb63ac7a526e71c8d3f85a26",
        "type": "github"
      },
      "original": {
        "owner": "lopsided98",
        "ref": "develop",
        "repo": "nix-ros-overlay",
        "type": "github"
      }
    },
    "nixpkgs": {
      "locked": {
        "lastModified": 1759381078,
        "narHash": "sha256-gTrEEp5gEspIcCOx9PD8kMaF1iEmfBcTbO0Jag2QhQs=",
        "owner": "NixOS",
        "repo": "nixpkgs",
        "rev": "7df7ff7d8e00218376575f0acdcc5d66741351ee",
        "type": "github"
      },
      "original": {
        "owner": "lopsided98",
        "ref": "nix-ros",
        "repo": "nixpkgs",
        "type": "github"
      }
    },
    "nixpkgs_2": {
      "locked": {
        "lastModified": 1771369470,
        "narHash": "sha256-0NBlEBKkN3lufyvFegY4TYv5mCNHbi5OmBDrzihbBMQ=",
        "owner": "NixOS",
        "repo": "nixpkgs",
        "rev": "0182a361324364ae3f436a63005877674cf45efb",
        "type": "github"
      },
      "original": {
        "owner": "NixOS",
        "ref": "nixos-unstable",
        "repo": "nixpkgs",
        "type": "github"
      }
    },
    "nixpkgs_3": {
      "locked": {
        "lastModified": 1760934318,
        "narHash": "sha256-/oUYsC0lUCBory65VK+UHqCCsCspbL1Vgfcf1KUYqVw=",
        "owner": "NixOS",
        "repo": "nixpkgs",
        "rev": "87848bf0cc4f87717fc813a4575f07330c3e743c",
        "type": "github"
      },
      "original": {
        "owner": "NixOS",
        "ref": "nixpkgs-unstable",
        "repo": "nixpkgs",
        "type": "github"
      }
    },
    "nuget-packageslock2nix": {
      "inputs": {
        "nixpkgs": "nixpkgs_3"
      },
      "locked": {
        "lastModified": 1775266630,
        "narHash": "sha256-LcFEKz93wHxqptnyyMEKTQ2bbYp29zxe1NWaid/X06s=",
        "owner": "mdarocha",
        "repo": "nuget-packageslock2nix",
        "rev": "54b3a07723bb16223b3354ae7960ab6b0f17f792",
        "type": "github"
      },
      "original": {
        "owner": "mdarocha",
        "repo": "nuget-packageslock2nix",
        "type": "github"
      }
    },
    "root": {
      "inputs": {
        "astra-msgs": "astra-msgs",
        "modernpkgs": "modernpkgs",
        "nix-ros-overlay": "nix-ros-overlay_2",
        "nixpkgs": [
          "nix-ros-overlay",
          "nixpkgs"
        ],
        "nuget-packageslock2nix": "nuget-packageslock2nix"
      }
    },
    "systems": {
      "locked": {
        "lastModified": 1681028828,
        "narHash": "sha256-Vy1rq5AaRuLzOxct8nz4T6wlgyUR7zLU309k9mBC768=",
        "owner": "nix-systems",
        "repo": "default",
        "rev": "da67096a3b9bf56a91d16901293e51ba5b49a27e",
        "type": "github"
      },
      "original": {
        "owner": "nix-systems",
        "repo": "default",
        "type": "github"
      }
    },
    "systems_2": {
      "locked": {
        "lastModified": 1681028828,
        "narHash": "sha256-Vy1rq5AaRuLzOxct8nz4T6wlgyUR7zLU309k9mBC768=",
        "owner": "nix-systems",
        "repo": "default",
        "rev": "da67096a3b9bf56a91d16901293e51ba5b49a27e",
        "type": "github"
      },
      "original": {
        "owner": "nix-systems",
        "repo": "default",
        "type": "github"
      }
    }
  },
  "root": "root",
  "version": 7
}
