{
  "nodes": {
    "astra-msgs": {
      "inputs": {
        "nix-ros-overlay": "nix-ros-overlay",
        "nixpkgs": [
          "astra-msgs",
          "nix-ros-overlay",
          "nixpkgs"
        ]
      },
      "locked": {
        "lastModified": 1779843574,
        "narHash": "sha256-PmPEjt24MaDaKHae9KaRgYvZrqhUTlIHZudsuQpq0cg=",
        "owner": "SHC-ASTRA",
        "repo": "astra_msgs",
        "rev": "2303314514094c1bdefe7a60aad32cbba419b3ba",
        "type": "github"
      },
      "original": {
        "owner": "SHC-ASTRA",
        "repo": "astra_msgs",
        "rev": "2303314514094c1bdefe7a60aad32cbba419b3ba",
        "type": "github"
      }
    },
    "basestation-cameras": {
      "inputs": {
        "flake-utils": "flake-utils_2",
        "nixpkgs": "nixpkgs_2"
      },
      "locked": {
        "lastModified": 1779908237,
        "narHash": "sha256-tp4VV9LLm8ecDSwRbc11jfaAjNWIfjwQziaxwP88EQ4=",
        "owner": "SHC-ASTRA",
        "repo": "basestation-cameras",
        "rev": "231ea1a625e312968b92f88b6a055e220cb6f53b",
        "type": "github"
      },
      "original": {
        "owner": "SHC-ASTRA",
        "repo": "basestation-cameras",
        "type": "github"
      }
    },
    "flake-utils": {
      "inputs": {
        "systems": "systems"
      },
      "locked": {
        "lastModified": 1731533236,
        "narHash": "sha256-l0KFg5HjrsfsO/JpG+r7fRrqm12kzFHyUHqHCVpMMbI=",
        "owner": "numtide",
        "repo": "flake-utils",
        "rev": "11707dc2f618dd54ca8739b309ec4fc024de578b",
        "type": "github"
      },
      "original": {
        "owner": "numtide",
        "repo": "flake-utils",
        "type": "github"
      }
    },
    "flake-utils_2": {
      "inputs": {
        "systems": "systems_2"
      },
      "locked": {
        "lastModified": 1731533236,
        "narHash": "sha256-l0KFg5HjrsfsO/JpG+r7fRrqm12kzFHyUHqHCVpMMbI=",
        "owner": "numtide",
        "repo": "flake-utils",
        "rev": "11707dc2f618dd54ca8739b309ec4fc024de578b",
        "type": "github"
      },
      "original": {
        "owner": "numtide",
        "repo": "flake-utils",
        "type": "github"
      }
    },
    "flake-utils_3": {
      "inputs": {
        "systems": "systems_3"
      },
      "locked": {
        "lastModified": 1731533236,
        "narHash": "sha256-l0KFg5HjrsfsO/JpG+r7fRrqm12kzFHyUHqHCVpMMbI=",
        "owner": "numtide",
        "repo": "flake-utils",
        "rev": "11707dc2f618dd54ca8739b309ec4fc024de578b",
        "type": "github"
      },
      "original": {
        "owner": "numtide",
        "repo": "flake-utils",
        "type": "github"
      }
    },
    "modernpkgs": {
      "locked": {
        "lastModified": 1782111055,
        "narHash": "sha256-SF3tohJZ45h9YqDwD44cPEzeKWfKZPbh1Mb6xQ+RuQk=",
        "owner": "NixOS",
        "repo": "nixpkgs",
        "rev": "d3b2d0826c5e0b5c25b15a867973a245419950de",
        "type": "github"
      },
      "original": {
        "owner": "NixOS",
        "ref": "master",
        "repo": "nixpkgs",
        "type": "github"
      }
    },
    "nix-ros-overlay": {
      "inputs": {
        "flake-utils": "flake-utils",
        "nixpkgs": "nixpkgs"
      },
      "locked": {
        "lastModified": 1770622967,
        "narHash": "sha256-1LYjTugPSCa/5NkP6/dcZLH5TQYj3R8mAZ/9dgd7jDM=",
        "owner": "lopsided98",
        "repo": "nix-ros-overlay",
        "rev": "d1b9f17eba909116356436d46b5192d299c6b49a",
        "type": "github"
      },
      "original": {
        "owner": "lopsided98",
        "ref": "develop",
        "repo": "nix-ros-overlay",
        "type": "github"
      }
    },
    "nix-ros-overlay_2": {
      "inputs": {
        "flake-utils": "flake-utils_3",
        "nixpkgs": "nixpkgs_3",
        "rosdistro": "rosdistro"
      },
      "locked": {
        "lastModified": 1782105779,
        "narHash": "sha256-QmJmuKOQ+/bn1THVdHitbPsDXqZrvmC7h3fHgo10SAY=",
        "owner": "lopsided98",
        "repo": "nix-ros-overlay",
        "rev": "111f6670befb2448d63b6c1f01f9d4b4debc7ea0",
        "type": "github"
      },
      "original": {
        "owner": "lopsided98",
        "ref": "develop",
        "repo": "nix-ros-overlay",
        "type": "github"
      }
    },
    "nixpkgs": {
      "locked": {
        "lastModified": 1759381078,
        "narHash": "sha256-gTrEEp5gEspIcCOx9PD8kMaF1iEmfBcTbO0Jag2QhQs=",
        "owner": "NixOS",
        "repo": "nixpkgs",
        "rev": "7df7ff7d8e00218376575f0acdcc5d66741351ee",
        "type": "github"
      },
      "original": {
        "owner": "lopsided98",
        "ref": "nix-ros",
        "repo": "nixpkgs",
        "type": "github"
      }
    },
    "nixpkgs_2": {
      "locked": {
        "lastModified": 1735563628,
        "narHash": "sha256-OnSAY7XDSx7CtDoqNh8jwVwh4xNL/2HaJxGjryLWzX8=",
        "owner": "NixOS",
        "repo": "nixpkgs",
        "rev": "b134951a4c9f3c995fd7be05f3243f8ecd65d798",
        "type": "github"
      },
      "original": {
        "owner": "NixOS",
        "ref": "nixos-24.05",
        "repo": "nixpkgs",
        "type": "github"
      }
    },
    "nixpkgs_3": {
      "locked": {
        "lastModified": 1778869304,
        "narHash": "sha256-30sZNZoA1cqF5JNO9fVX+wgiQYjB7HJqqJ4ztCDeBZE=",
        "owner": "NixOS",
        "repo": "nixpkgs",
        "rev": "d233902339c02a9c334e7e593de68855ad26c4cb",
        "type": "github"
      },
      "original": {
        "owner": "NixOS",
        "ref": "nixos-unstable",
        "repo": "nixpkgs",
        "type": "github"
      }
    },
    "root": {
      "inputs": {
        "astra-msgs": "astra-msgs",
        "basestation-cameras": "basestation-cameras",
        "modernpkgs": "modernpkgs",
        "nix-ros-overlay": "nix-ros-overlay_2",
        "nixpkgs": [
          "nix-ros-overlay",
          "nixpkgs"
        ]
      }
    },
    "rosdistro": {
      "flake": false,
      "locked": {
        "lastModified": 1781869206,
        "narHash": "sha256-R4z1i9ud5wCUuyYgr+F+bLP0cMJgjk6/y/OiT5iSRJs=",
        "owner": "ros",
        "repo": "rosdistro",
        "rev": "f650d990cad69b0898e83e636c09863f05a0b08c",
        "type": "github"
      },
      "original": {
        "owner": "ros",
        "repo": "rosdistro",
        "type": "github"
      }
    },
    "systems": {
      "locked": {
        "lastModified": 1681028828,
        "narHash": "sha256-Vy1rq5AaRuLzOxct8nz4T6wlgyUR7zLU309k9mBC768=",
        "owner": "nix-systems",
        "repo": "default",
        "rev": "da67096a3b9bf56a91d16901293e51ba5b49a27e",
        "type": "github"
      },
      "original": {
        "owner": "nix-systems",
        "repo": "default",
        "type": "github"
      }
    },
    "systems_2": {
      "locked": {
        "lastModified": 1681028828,
        "narHash": "sha256-Vy1rq5AaRuLzOxct8nz4T6wlgyUR7zLU309k9mBC768=",
        "owner": "nix-systems",
        "repo": "default",
        "rev": "da67096a3b9bf56a91d16901293e51ba5b49a27e",
        "type": "github"
      },
      "original": {
        "owner": "nix-systems",
        "repo": "default",
        "type": "github"
      }
    },
    "systems_3": {
      "locked": {
        "lastModified": 1681028828,
        "narHash": "sha256-Vy1rq5AaRuLzOxct8nz4T6wlgyUR7zLU309k9mBC768=",
        "owner": "nix-systems",
        "repo": "default",
        "rev": "da67096a3b9bf56a91d16901293e51ba5b49a27e",
        "type": "github"
      },
      "original": {
        "owner": "nix-systems",
        "repo": "default",
        "type": "github"
      }
    }
  },
  "root": "root",
  "version": 7
}
